{
    "_readme": [
        "This file locks the dependencies of your project to a known state",
        "Read more about it at https://getcomposer.org/doc/01-basic-usage.md#installing-dependencies",
        "This file is @generated automatically"
    ],
    "content-hash": "d962603cf76191f73cf0da0bbd63b7af",
    "packages": [
        {
            "name": "emojione/emojione",
            "version": "4.5.0",
            "source": {
                "type": "git",
                "url": "https://github.com/emojione/emojione.git",
                "reference": "79e685356877cbb6128074a71b7f88f435b58412"
            },
            "dist": {
                "type": "zip",
                "url": "https://api.github.com/repos/emojione/emojione/zipball/79e685356877cbb6128074a71b7f88f435b58412",
                "reference": "79e685356877cbb6128074a71b7f88f435b58412",
                "shasum": ""
            },
            "require": {
                "php": ">=5.3"
            },
            "require-dev": {
                "phpunit/phpunit": "~4.6 || ~5.0"
            },
            "type": "library",
            "autoload": {
                "psr-4": {
                    "Emojione\\": "lib/php/src"
                }
            },
            "notification-url": "https://packagist.org/downloads/",
            "license": [
                "(CC-BY-4.0 and MIT)"
            ],
            "description": "EmojiOne is a complete set of emojis designed for the web. It includes libraries to easily convert unicode characters to shortnames (:smile:) and shortnames to our custom emoji images. PNG format provided for the emoji images.",
            "homepage": "http://www.emojione.com",
            "keywords": [
                "emoji",
                "emojione",
                "emojis",
                "emoticons",
                "smileys",
                "smilies",
                "unicode"
            ],
            "time": "2019-02-15T01:32:20+00:00"
        }
    ],
    "packages-dev": [],
    "aliases": [],
    "minimum-stability": "stable",
    "stability-flags": [],
    "prefer-stable": false,
    "prefer-lowest": false,
    "platform": [],
    "platform-dev": []
}
