{
    "_readme": [
        "This file locks the dependencies of your project to a known state",
        "Read more about it at https://getcomposer.org/doc/01-basic-usage.md#installing-dependencies",
        "This file is @generated automatically"
    ],
    "content-hash": "e8506d95775e4b0d05e85b1bb787296e",
    "packages": [
        {
            "name": "erusev/parsedown",
            "version": "1.7.4",
            "source": {
                "type": "git",
                "url": "https://github.com/erusev/parsedown.git",
                "reference": "cb17b6477dfff935958ba01325f2e8a2bfa6dab3"
            },
            "dist": {
                "type": "zip",
                "url": "https://api.github.com/repos/erusev/parsedown/zipball/cb17b6477dfff935958ba01325f2e8a2bfa6dab3",
                "reference": "cb17b6477dfff935958ba01325f2e8a2bfa6dab3",
                "shasum": ""
            },
            "require": {
                "ext-mbstring": "*",
                "php": ">=5.3.0"
            },
            "require-dev": {
                "phpunit/phpunit": "^4.8.35"
            },
            "type": "library",
            "autoload": {
                "psr-0": {
                    "Parsedown": ""
                }
            },
            "notification-url": "https://packagist.org/downloads/",
            "license": [
                "MIT"
            ],
            "authors": [
                {
                    "name": "Emanuil Rusev",
                    "email": "hello@erusev.com",
                    "homepage": "http://erusev.com"
                }
            ],
            "description": "Parser for Markdown.",
            "homepage": "http://parsedown.org",
            "keywords": [
                "markdown",
                "parser"
            ],
            "support": {
                "issues": "https://github.com/erusev/parsedown/issues",
                "source": "https://github.com/erusev/parsedown/tree/1.7.x"
            },
            "time": "2019-12-30T22:54:17+00:00"
        },
        {
            "name": "erusev/parsedown-extra",
            "version": "0.7.1",
            "source": {
                "type": "git",
                "url": "https://github.com/erusev/parsedown-extra.git",
                "reference": "0db5cce7354e4b76f155d092ab5eb3981c21258c"
            },
            "dist": {
                "type": "zip",
                "url": "https://api.github.com/repos/erusev/parsedown-extra/zipball/0db5cce7354e4b76f155d092ab5eb3981c21258c",
                "reference": "0db5cce7354e4b76f155d092ab5eb3981c21258c",
                "shasum": ""
            },
            "require": {
                "erusev/parsedown": "~1.4"
            },
            "type": "library",
            "autoload": {
                "psr-0": {
                    "ParsedownExtra": ""
                }
            },
            "notification-url": "https://packagist.org/downloads/",
            "license": [
                "MIT"
            ],
            "authors": [
                {
                    "name": "Emanuil Rusev",
                    "email": "hello@erusev.com",
                    "homepage": "http://erusev.com"
                }
            ],
            "description": "An extension of Parsedown that adds support for Markdown Extra.",
            "homepage": "https://github.com/erusev/parsedown-extra",
            "keywords": [
                "markdown",
                "markdown extra",
                "parsedown",
                "parser"
            ],
            "support": {
                "issues": "https://github.com/erusev/parsedown-extra/issues",
                "source": "https://github.com/erusev/parsedown-extra/tree/master"
            },
            "time": "2015-11-01T10:19:22+00:00"
        },
        {
            "name": "joypixels/emoji-toolkit",
            "version": "7.0.0",
            "source": {
                "type": "git",
                "url": "https://github.com/joypixels/emoji-toolkit.git",
                "reference": "478053de753dc5ac501fb4b8c155d669718ce387"
            },
            "dist": {
                "type": "zip",
                "url": "https://api.github.com/repos/joypixels/emoji-toolkit/zipball/478053de753dc5ac501fb4b8c155d669718ce387",
                "reference": "478053de753dc5ac501fb4b8c155d669718ce387",
                "shasum": ""
            },
            "require": {
                "php": ">=5.3"
            },
            "require-dev": {
                "ext-intl": "*",
                "phpunit/phpunit": "^9.5",
                "s9e/regexp-builder": "^2.0"
            },
            "type": "library",
            "autoload": {
                "psr-4": {
                    "JoyPixels\\": "lib/php/src"
                }
            },
            "notification-url": "https://packagist.org/downloads/",
            "license": [
                "(CC-BY-4.0 and MIT)"
            ],
            "description": "JoyPixels is a complete set of emoji designed for the web. The emoji-toolkit includes libraries to easily convert unicode characters to shortnames (:smile:) and shortnames to JoyPixels emoji images. PNG formats provided for the emoji images.",
            "homepage": "http://www.joypixels.com",
            "keywords": [
                "JoyPixels",
                "emoji",
                "emoji-toolkit",
                "emojione",
                "emojis",
                "emoticons",
                "smileys",
                "smilies",
                "unicode"
            ],
            "support": {
                "issues": "https://github.com/joypixels/emoji-toolkit/issues",
                "source": "https://github.com/joypixels/emoji-toolkit/tree/7.0.0"
            },
            "time": "2022-10-12T20:37:59+00:00"
        },
        {
            "name": "leblanc-simon/parsedown-checkbox",
            "version": "0.0.4",
            "source": {
                "type": "git",
                "url": "https://github.com/leblanc-simon/parsedown-checkbox.git",
                "reference": "9868c4b1f5d59e7a3b2b350d82fa5c92848b3ec1"
            },
            "dist": {
                "type": "zip",
                "url": "https://api.github.com/repos/leblanc-simon/parsedown-checkbox/zipball/9868c4b1f5d59e7a3b2b350d82fa5c92848b3ec1",
                "reference": "9868c4b1f5d59e7a3b2b350d82fa5c92848b3ec1",
                "shasum": ""
            },
            "require": {
                "erusev/parsedown-extra": "^0.7.1"
            },
            "type": "library",
            "autoload": {
                "files": [
                    "ParsedownCheckbox.php"
                ]
            },
            "notification-url": "https://packagist.org/downloads/",
            "license": [
                "MIT"
            ],
            "authors": [
                {
                    "name": "Simon Leblanc",
                    "email": "contact@leblanc-simon.eu",
                    "homepage": "https://www.leblanc-simon.fr"
                }
            ],
            "description": "An extension of Parsedown and ParsedownExtra that adds support for checkbox",
            "homepage": "https://github.com/leblanc-simon/parsedown-checkbox",
            "keywords": [
                "checkbox",
                "markdown",
                "markdown extra",
                "parsedown",
                "parser"
            ],
            "support": {
                "issues": "https://github.com/leblanc-simon/parsedown-checkbox/issues",
                "source": "https://github.com/leblanc-simon/parsedown-checkbox/tree/0.0.4"
            },
            "time": "2019-01-31T01:16:58+00:00"
        }
    ],
    "packages-dev": [],
    "aliases": [],
    "minimum-stability": "stable",
    "stability-flags": [],
    "prefer-stable": false,
    "prefer-lowest": false,
    "platform": [],
    "platform-dev": [],
    "plugin-api-version": "2.3.0"
}
